
Microsoft Visual Studio Solution File, Format Version 12.00
# Visual Studio Version 17
VisualStudioVersion = 17.11.35312.102
MinimumVisualStudioVersion = 10.0.40219.1
Project("{FAE04EC0-301F-11D3-BF4B-00C04F79EFBC}") = "flappKus", "flappKus\flappKus.csproj", "{86B8F52C-9C5A-4E33-A53B-822DD1671D15}"
EndProject
Global
	GlobalSection(SolutionConfigurationPlatforms) = preSolution
		Debug|Any CPU = Debug|Any CPU
		Release|Any CPU = Release|Any CPU
	EndGlobalSection
	GlobalSection(ProjectConfigurationPlatforms) = postSolution
		{86B8F52C-9C5A-4E33-A53B-822DD1671D15}.Debug|Any CPU.ActiveCfg = Debug|Any CPU
		{86B8F52C-9C5A-4E33-A53B-822DD1671D15}.Debug|Any CPU.Build.0 = Debug|Any CPU
		{86B8F52C-9C5A-4E33-A53B-822DD1671D15}.Release|Any CPU.ActiveCfg = Release|Any CPU
		{86B8F52C-9C5A-4E33-A53B-822DD1671D15}.Release|Any CPU.Build.0 = Release|Any CPU
	EndGlobalSection
	GlobalSection(SolutionProperties) = preSolution
		HideSolutionNode = FALSE
	EndGlobalSection
	GlobalSection(ExtensibilityGlobals) = postSolution
		SolutionGuid = {39C6AB5E-1566-4E1E-AF31-DC6FB6AD11A8}
	EndGlobalSection
EndGlobal
